
Microsoft Visual Studio Solution File, Format Version 12.00
# Visual Studio Version 17
VisualStudioVersion = 17.10.35122.118
MinimumVisualStudioVersion = 10.0.40219.1
Project("{FAE04EC0-301F-11D3-BF4B-00C04F79EFBC}") = "14_Villalba_Estudiantes", "14_Villalba_Estudiantes\14_Villalba_Estudiantes.csproj", "{863B9CAD-4F1F-40E6-9907-08CA101E87DA}"
EndProject
Global
	GlobalSection(SolutionConfigurationPlatforms) = preSolution
		Debug|Any CPU = Debug|Any CPU
		Release|Any CPU = Release|Any CPU
	EndGlobalSection
	GlobalSection(ProjectConfigurationPlatforms) = postSolution
		{863B9CAD-4F1F-40E6-9907-08CA101E87DA}.Debug|Any CPU.ActiveCfg = Debug|Any CPU
		{863B9CAD-4F1F-40E6-9907-08CA101E87DA}.Debug|Any CPU.Build.0 = Debug|Any CPU
		{863B9CAD-4F1F-40E6-9907-08CA101E87DA}.Release|Any CPU.ActiveCfg = Release|Any CPU
		{863B9CAD-4F1F-40E6-9907-08CA101E87DA}.Release|Any CPU.Build.0 = Release|Any CPU
	EndGlobalSection
	GlobalSection(SolutionProperties) = preSolution
		HideSolutionNode = FALSE
	EndGlobalSection
	GlobalSection(ExtensibilityGlobals) = postSolution
		SolutionGuid = {1BCA26B7-B0AE-4267-AD01-640328ABA05E}
	EndGlobalSection
EndGlobal
