
Microsoft Visual Studio Solution File, Format Version 12.00
# Visual Studio 14
VisualStudioVersion = 14.0.25420.1
MinimumVisualStudioVersion = 10.0.40219.1
Project("{FAE04EC0-301F-11D3-BF4B-00C04F79EFBC}") = "1_villalba_CobrarBecaGUI", "1_villalba_CobrarBecaGUI\1_villalba_CobrarBecaGUI.csproj", "{FF20D90F-0562-4C8C-B757-6B928A6DD854}"
EndProject
Global
	GlobalSection(SolutionConfigurationPlatforms) = preSolution
		Debug|Any CPU = Debug|Any CPU
		Release|Any CPU = Release|Any CPU
	EndGlobalSection
	GlobalSection(ProjectConfigurationPlatforms) = postSolution
		{FF20D90F-0562-4C8C-B757-6B928A6DD854}.Debug|Any CPU.ActiveCfg = Debug|Any CPU
		{FF20D90F-0562-4C8C-B757-6B928A6DD854}.Debug|Any CPU.Build.0 = Debug|Any CPU
		{FF20D90F-0562-4C8C-B757-6B928A6DD854}.Release|Any CPU.ActiveCfg = Release|Any CPU
		{FF20D90F-0562-4C8C-B757-6B928A6DD854}.Release|Any CPU.Build.0 = Release|Any CPU
	EndGlobalSection
	GlobalSection(SolutionProperties) = preSolution
		HideSolutionNode = FALSE
	EndGlobalSection
EndGlobal
